
Microsoft Visual Studio Solution File, Format Version 12.00
# Visual Studio Version 17
VisualStudioVersion = 17.11.35312.102
MinimumVisualStudioVersion = 10.0.40219.1
Project("{FAE04EC0-301F-11D3-BF4B-00C04F79EFBC}") = "u23601711_HW1", "u23601711_HW1\u23601711_HW1.csproj", "{94B2D46A-C150-4E1D-B7E8-2369C32D97A7}"
EndProject
Global
	GlobalSection(SolutionConfigurationPlatforms) = preSolution
		Debug|Any CPU = Debug|Any CPU
		Release|Any CPU = Release|Any CPU
	EndGlobalSection
	GlobalSection(ProjectConfigurationPlatforms) = postSolution
		{94B2D46A-C150-4E1D-B7E8-2369C32D97A7}.Debug|Any CPU.ActiveCfg = Debug|Any CPU
		{94B2D46A-C150-4E1D-B7E8-2369C32D97A7}.Debug|Any CPU.Build.0 = Debug|Any CPU
		{94B2D46A-C150-4E1D-B7E8-2369C32D97A7}.Release|Any CPU.ActiveCfg = Release|Any CPU
		{94B2D46A-C150-4E1D-B7E8-2369C32D97A7}.Release|Any CPU.Build.0 = Release|Any CPU
	EndGlobalSection
	GlobalSection(SolutionProperties) = preSolution
		HideSolutionNode = FALSE
	EndGlobalSection
	GlobalSection(ExtensibilityGlobals) = postSolution
		SolutionGuid = {BB96C1BA-2769-41CA-A2A4-D1CA8FAD6899}
	EndGlobalSection
EndGlobal
